<?xml version="1.0" encoding="utf-8"?>
<Project ToolsVersion="4.0" xmlns="http://schemas.microsoft.com/developer/msbuild/2003">
  <ItemGroup>
    <ClInclude Include="headers\Components.hpp" />
    <ClInclude Include="headers\GameConsole.hpp" />
    <ClInclude Include="headers\LuaInput.hpp" />
    <ClInclude Include="headers\Renderer.hpp" />
    <ClInclude Include="headers\Scene.hpp" />
    <ClInclude Include="headers\System.hpp" />
    <ClInclude Include="headers\SceneManager.hpp" />
    <ClInclude Include="headers\SerializeHelper.hpp" />
  </ItemGroup>
  <ItemGroup>
    <ClCompile Include="source\GameConsole.cpp" />
    <ClCompile Include="source\LuaInput.cpp" />
    <ClCompile Include="source\main.cpp" />
    <ClCompile Include="source\Renderer.cpp" />
    <ClCompile Include="source\Scene.cpp" />
    <ClCompile Include="source\SceneManager.cpp" />
  </ItemGroup>
  <ItemGroup>
    <None Include="scripts\initLevel.lua" />
    <None Include="scripts\playerController.lua" />
    <None Include="scripts\transform.lua" />
    <None Include="scripts\vector.lua" />
  </ItemGroup>
</Project>